streams:
  brett-kollman:
    stream:
      name: brett-kollman
      url: https://www.youtube.com/feeds/videos.xml?channel_id=UCYzfVBuCfGz-oF3aOCGgO5g
      channel: sports
      exclude: ""
      include: ""
    rssId: "0"
    rssTime: 2020-02-14T21:35:13.405106354-05:00
  dunkey:
    stream:
      name: dunkey
      url: https://www.youtube.com/feeds/videos.xml?channel_id=UCsvn_Po0SmunchJYOWpOxMg
      channel: gaming
      exclude: ""
      include: ""
    rssId: "0"
    rssTime: 2020-02-14T21:35:13.405106354-05:00
  filmselect-trailer:
    stream:
      name: filmselect-trailer
      url: https://www.youtube.com/feeds/videos.xml?channel_id=UCT0hbLDa-unWsnZ6Rjzkfug
      channel: movies
      exclude: (?i)(NEW MOVIE TRAILERS|TOP UPCOMING MOVIES)
      include: ""
    rssId: "0"
    rssTime: 2020-02-14T22:51:16.591763161-05:00
  movie-clips:
    stream:
      name: movie-clips
      url: https://www.youtube.com/feeds/videos.xml?channel_id=UCT0hbLDa-unWsnZ6Rjzkfug
      channel: movies
      exclude: (?i)(NEW MOVIE TRAILERS|Top Upcoming)
      include: ""
    rssId: "0"
    rssTime: 2020-02-14T21:32:58.173836681-05:00
channels:
  4th-o-july: CK4CUFHPY
  anime: C99K8FKPW
  bookclub: C2MF2JBKJ
  bot-test: CABNAM96K
  d20: C4K209J1J
  fishing: CKW829TBK
  gaming: C8L405FDX
  general: C2ME10H0D
  grizzlygeek: C8SKN2RGT
  hollowknight: CS3SPSKFA
  leagueofsalt: C87PF72BU
  lol-clash: CPXK5AZFX
  minnesotamafia: C9RR281M0
  mittenmasterrace: C2N9Y1FL3
  motorcycles: CBVS4RLP5
  movies: CABPUTH25
  mtg: C2V2HNHEZ
  music: C374CPFRV
  photos: CRE4SA69G
  politics: C86PVSA7L
  riseofskywalker: CRMJKLSSE
  seaoftrolls: CG4F0U97Y
  sports: C30TDVCN4
  starwars: C8F8L1L3A
  sumo: C2ME9PSDV
  technology: CPH4RTJ5T
  thefats: C98V24MU3
  ypsi: CTEDFE2G0
lastRun: 2020-02-14T22:55:33.254361109-05:00
